
Microsoft Visual Studio Solution File, Format Version 12.00
# Visual Studio Version 17
VisualStudioVersion = 17.1.32210.238
MinimumVisualStudioVersion = 10.0.40219.1
Project("{9A19103F-16F7-4668-BE54-9A1E7A4F7556}") = "ToDoApi.API", "ToDoApi\ToDoApi.API.csproj", "{7AD12680-3D73-4809-A99A-4969AAF9D73E}"
EndProject
Project("{FAE04EC0-301F-11D3-BF4B-00C04F79EFBC}") = "ToDoApi.Domain", "ToDoApi.Domain\ToDoApi.Domain.csproj", "{A1963E62-2FAF-4F5D-962C-8898BFC00948}"
EndProject
Project("{FAE04EC0-301F-11D3-BF4B-00C04F79EFBC}") = "ToDoApi.BusinessLogic", "ToDoApi.BusinessLogic\ToDoApi.BusinessLogic.csproj", "{5342D7DD-6108-4208-89E5-B14982423590}"
EndProject
Project("{FAE04EC0-301F-11D3-BF4B-00C04F79EFBC}") = "ToDoApi.Infrastructure", "ToDoApi.Infrastructure\ToDoApi.Infrastructure.csproj", "{C7E33A6B-D4CB-4B99-9891-17AF4A396168}"
EndProject
Global
	GlobalSection(SolutionConfigurationPlatforms) = preSolution
		Debug|Any CPU = Debug|Any CPU
		Release|Any CPU = Release|Any CPU
	EndGlobalSection
	GlobalSection(ProjectConfigurationPlatforms) = postSolution
		{7AD12680-3D73-4809-A99A-4969AAF9D73E}.Debug|Any CPU.ActiveCfg = Debug|Any CPU
		{7AD12680-3D73-4809-A99A-4969AAF9D73E}.Debug|Any CPU.Build.0 = Debug|Any CPU
		{7AD12680-3D73-4809-A99A-4969AAF9D73E}.Release|Any CPU.ActiveCfg = Release|Any CPU
		{7AD12680-3D73-4809-A99A-4969AAF9D73E}.Release|Any CPU.Build.0 = Release|Any CPU
		{A1963E62-2FAF-4F5D-962C-8898BFC00948}.Debug|Any CPU.ActiveCfg = Debug|Any CPU
		{A1963E62-2FAF-4F5D-962C-8898BFC00948}.Debug|Any CPU.Build.0 = Debug|Any CPU
		{A1963E62-2FAF-4F5D-962C-8898BFC00948}.Release|Any CPU.ActiveCfg = Release|Any CPU
		{A1963E62-2FAF-4F5D-962C-8898BFC00948}.Release|Any CPU.Build.0 = Release|Any CPU
		{5342D7DD-6108-4208-89E5-B14982423590}.Debug|Any CPU.ActiveCfg = Debug|Any CPU
		{5342D7DD-6108-4208-89E5-B14982423590}.Debug|Any CPU.Build.0 = Debug|Any CPU
		{5342D7DD-6108-4208-89E5-B14982423590}.Release|Any CPU.ActiveCfg = Release|Any CPU
		{5342D7DD-6108-4208-89E5-B14982423590}.Release|Any CPU.Build.0 = Release|Any CPU
		{C7E33A6B-D4CB-4B99-9891-17AF4A396168}.Debug|Any CPU.ActiveCfg = Debug|Any CPU
		{C7E33A6B-D4CB-4B99-9891-17AF4A396168}.Debug|Any CPU.Build.0 = Debug|Any CPU
		{C7E33A6B-D4CB-4B99-9891-17AF4A396168}.Release|Any CPU.ActiveCfg = Release|Any CPU
		{C7E33A6B-D4CB-4B99-9891-17AF4A396168}.Release|Any CPU.Build.0 = Release|Any CPU
	EndGlobalSection
	GlobalSection(SolutionProperties) = preSolution
		HideSolutionNode = FALSE
	EndGlobalSection
	GlobalSection(ExtensibilityGlobals) = postSolution
		SolutionGuid = {EAE0E603-DAA8-4890-95A9-ADC6E4091210}
	EndGlobalSection
EndGlobal
